
Microsoft Visual Studio Solution File, Format Version 12.00
# Visual Studio Version 17
VisualStudioVersion = 17.5.002.0
MinimumVisualStudioVersion = 10.0.40219.1
Project("{9A19103F-16F7-4668-BE54-9A1E7A4F7556}") = "BancoVirtual", "BancoVirtual.csproj", "{9CC7869D-1D8E-463A-9F5F-B5264B8BDD75}"
EndProject
Global
	GlobalSection(SolutionConfigurationPlatforms) = preSolution
		Debug|Any CPU = Debug|Any CPU
		Release|Any CPU = Release|Any CPU
	EndGlobalSection
	GlobalSection(ProjectConfigurationPlatforms) = postSolution
		{9CC7869D-1D8E-463A-9F5F-B5264B8BDD75}.Debug|Any CPU.ActiveCfg = Debug|Any CPU
		{9CC7869D-1D8E-463A-9F5F-B5264B8BDD75}.Debug|Any CPU.Build.0 = Debug|Any CPU
		{9CC7869D-1D8E-463A-9F5F-B5264B8BDD75}.Release|Any CPU.ActiveCfg = Release|Any CPU
		{9CC7869D-1D8E-463A-9F5F-B5264B8BDD75}.Release|Any CPU.Build.0 = Release|Any CPU
	EndGlobalSection
	GlobalSection(SolutionProperties) = preSolution
		HideSolutionNode = FALSE
	EndGlobalSection
	GlobalSection(ExtensibilityGlobals) = postSolution
		SolutionGuid = {40DAC709-BC74-40B0-B122-E9FB29C83113}
	EndGlobalSection
EndGlobal
